Microsoft Visual Studio Solution File, Format Version 11.00
# Visual Studio 2008

Project("{CA2C9A18-1E04-5230-B3E7-C5BA409413F0}") = "ArduinoCoonection", "Assembly-CSharp.csproj", "{085C6207-833F-49F5-9D48-9357E1DFB566}"
EndProject
Global
	GlobalSection(SolutionConfigurationPlatforms) = preSolution
		Debug|Any CPU = Debug|Any CPU
		Release|Any CPU = Release|Any CPU
	EndGlobalSection
	GlobalSection(ProjectConfigurationPlatforms) = postSolution
		{085C6207-833F-49F5-9D48-9357E1DFB566}.Debug|Any CPU.ActiveCfg = Debug|Any CPU
		{085C6207-833F-49F5-9D48-9357E1DFB566}.Debug|Any CPU.Build.0 = Debug|Any CPU
		{085C6207-833F-49F5-9D48-9357E1DFB566}.Release|Any CPU.ActiveCfg = Release|Any CPU
		{085C6207-833F-49F5-9D48-9357E1DFB566}.Release|Any CPU.Build.0 = Release|Any CPU
	EndGlobalSection
	GlobalSection(SolutionProperties) = preSolution
		HideSolutionNode = FALSE
	EndGlobalSection
	GlobalSection(MonoDevelopProperties) = preSolution
		StartupItem = Assembly-CSharp.csproj
	EndGlobalSection
EndGlobal
